
Microsoft Visual Studio Solution File, Format Version 12.00
# Visual Studio 2012
Project("{FAE04EC0-301F-11D3-BF4B-00C04F79EFBC}") = "csmic", "csmic\csmic.csproj", "{7BBA4BA2-E885-4D89-8710-F1A609616B7D}"
EndProject
Project("{FAE04EC0-301F-11D3-BF4B-00C04F79EFBC}") = "CSMICTests", "CSMICTests\CSMICTests.csproj", "{C03AD9DF-630F-4C88-A9D4-8B4B450CCB54}"
EndProject
Project("{7CF6DF6D-3B04-46F8-A40B-537D21BCA0B4}") = "HelpFile", "HelpFile\HelpFile.shfbproj", "{B60970B9-771A-4EBB-9978-89F55163888F}"
EndProject
Global
	GlobalSection(TeamFoundationVersionControl) = preSolution
		SccNumberOfProjects = 4
		SccEnterpriseProvider = {4CA58AB2-18FA-4F8D-95D4-32DDF27D184C}
		SccTeamFoundationServer = https://tfs.codeplex.com/tfs/tfs35
		SccLocalPath0 = .
		SccProjectUniqueName1 = csmic\\csmic.csproj
		SccProjectName1 = csmic
		SccLocalPath1 = csmic
		SccProjectUniqueName2 = CSMICTests\\CSMICTests.csproj
		SccProjectName2 = CSMICTests
		SccLocalPath2 = CSMICTests
		SccProjectUniqueName3 = HelpFile\\HelpFile.shfbproj
		SccProjectName3 = HelpFile
		SccLocalPath3 = HelpFile
	EndGlobalSection
	GlobalSection(TestCaseManagementSettings) = postSolution
		CategoryFile = csmic8.vsmdi
	EndGlobalSection
	GlobalSection(SolutionConfigurationPlatforms) = preSolution
		Debug|Any CPU = Debug|Any CPU
		Release|Any CPU = Release|Any CPU
	EndGlobalSection
	GlobalSection(ProjectConfigurationPlatforms) = postSolution
		{7BBA4BA2-E885-4D89-8710-F1A609616B7D}.Debug|Any CPU.ActiveCfg = Debug|Any CPU
		{7BBA4BA2-E885-4D89-8710-F1A609616B7D}.Debug|Any CPU.Build.0 = Debug|Any CPU
		{7BBA4BA2-E885-4D89-8710-F1A609616B7D}.Release|Any CPU.ActiveCfg = Release|Any CPU
		{7BBA4BA2-E885-4D89-8710-F1A609616B7D}.Release|Any CPU.Build.0 = Release|Any CPU
		{C03AD9DF-630F-4C88-A9D4-8B4B450CCB54}.Debug|Any CPU.ActiveCfg = Debug|Any CPU
		{C03AD9DF-630F-4C88-A9D4-8B4B450CCB54}.Debug|Any CPU.Build.0 = Debug|Any CPU
		{C03AD9DF-630F-4C88-A9D4-8B4B450CCB54}.Release|Any CPU.ActiveCfg = Release|Any CPU
		{C03AD9DF-630F-4C88-A9D4-8B4B450CCB54}.Release|Any CPU.Build.0 = Release|Any CPU
		{B60970B9-771A-4EBB-9978-89F55163888F}.Debug|Any CPU.ActiveCfg = Debug|Any CPU
		{B60970B9-771A-4EBB-9978-89F55163888F}.Debug|Any CPU.Build.0 = Debug|Any CPU
		{B60970B9-771A-4EBB-9978-89F55163888F}.Release|Any CPU.ActiveCfg = Release|Any CPU
		{B60970B9-771A-4EBB-9978-89F55163888F}.Release|Any CPU.Build.0 = Release|Any CPU
	EndGlobalSection
	GlobalSection(SolutionProperties) = preSolution
		HideSolutionNode = FALSE
	EndGlobalSection
	GlobalSection(SubversionScc) = preSolution
		Svn-Managed = True
		Manager = AnkhSVN - Subversion Support for Visual Studio
	EndGlobalSection
EndGlobal
